Microsoft Visual Studio Solution File, Format Version 12.00
# Visual Studio 14
VisualStudioVersion = 14.0.24720.0
MinimumVisualStudioVersion = 10.0.40219.1
Project("{FAE04EC0-301F-11D3-BF4B-00C04F79EFBC}") = "ZXMAK.MDX", "ZXMAK.MDX\ZXMAK.MDX.csproj", "{9ED3A941-FC6A-48E8-8A06-71829CCC4400}"
EndProject
Project("{FAE04EC0-301F-11D3-BF4B-00C04F79EFBC}") = "ZXMAK.Windows.Forms", "ZXMAK.Windows.Forms\ZXMAK.Windows.Forms.csproj", "{87313B58-A714-49C4-B2F7-F90DB4CF3C37}"
EndProject
Project("{FAE04EC0-301F-11D3-BF4B-00C04F79EFBC}") = "ZXMAK.Engine", "ZXMAK.Engine\ZXMAK.Engine.csproj", "{FD01A87E-BB5A-499D-BEE7-33F173C8B4E2}"
EndProject
Project("{FAE04EC0-301F-11D3-BF4B-00C04F79EFBC}") = "ZXMAK.SDL", "ZXMAK.SDL\ZXMAK.SDL.csproj", "{78C98129-44BE-4078-9D21-DE37FB4CABF6}"
EndProject
Project("{FAE04EC0-301F-11D3-BF4B-00C04F79EFBC}") = "ZipLib", "ZipLib\ZipLib.csproj", "{4A06FC35-5BCA-42C7-874A-F45BA12CCFC8}"
EndProject
Project("{FAE04EC0-301F-11D3-BF4B-00C04F79EFBC}") = "ZXMAK.XNA2.Win", "ZXMAK.XNA2.Win\ZXMAK.XNA2.Win.csproj", "{F38BF5E5-1D3A-40CA-96B4-9841AEC8B245}"
EndProject
Global
	GlobalSection(SolutionConfigurationPlatforms) = preSolution
		Debug|AnyCPU = Debug|AnyCPU
		Release|AnyCPU = Release|AnyCPU
	EndGlobalSection
	GlobalSection(ProjectConfigurationPlatforms) = postSolution
		{9ED3A941-FC6A-48E8-8A06-71829CCC4400}.Debug|AnyCPU.ActiveCfg = Debug|AnyCPU
		{9ED3A941-FC6A-48E8-8A06-71829CCC4400}.Debug|AnyCPU.Build.0 = Debug|AnyCPU
		{9ED3A941-FC6A-48E8-8A06-71829CCC4400}.Release|AnyCPU.ActiveCfg = Release|AnyCPU
		{9ED3A941-FC6A-48E8-8A06-71829CCC4400}.Release|AnyCPU.Build.0 = Release|AnyCPU
		{87313B58-A714-49C4-B2F7-F90DB4CF3C37}.Debug|AnyCPU.ActiveCfg = Debug|AnyCPU
		{87313B58-A714-49C4-B2F7-F90DB4CF3C37}.Debug|AnyCPU.Build.0 = Debug|AnyCPU
		{87313B58-A714-49C4-B2F7-F90DB4CF3C37}.Release|AnyCPU.ActiveCfg = Release|AnyCPU
		{87313B58-A714-49C4-B2F7-F90DB4CF3C37}.Release|AnyCPU.Build.0 = Release|AnyCPU
		{FD01A87E-BB5A-499D-BEE7-33F173C8B4E2}.Debug|AnyCPU.ActiveCfg = Debug|AnyCPU
		{FD01A87E-BB5A-499D-BEE7-33F173C8B4E2}.Debug|AnyCPU.Build.0 = Debug|AnyCPU
		{FD01A87E-BB5A-499D-BEE7-33F173C8B4E2}.Release|AnyCPU.ActiveCfg = Release|AnyCPU
		{FD01A87E-BB5A-499D-BEE7-33F173C8B4E2}.Release|AnyCPU.Build.0 = Release|AnyCPU
		{78C98129-44BE-4078-9D21-DE37FB4CABF6}.Debug|AnyCPU.ActiveCfg = Debug|AnyCPU
		{78C98129-44BE-4078-9D21-DE37FB4CABF6}.Debug|AnyCPU.Build.0 = Debug|AnyCPU
		{78C98129-44BE-4078-9D21-DE37FB4CABF6}.Release|AnyCPU.ActiveCfg = Release|AnyCPU
		{78C98129-44BE-4078-9D21-DE37FB4CABF6}.Release|AnyCPU.Build.0 = Release|AnyCPU
		{4A06FC35-5BCA-42C7-874A-F45BA12CCFC8}.Debug|AnyCPU.ActiveCfg = Debug|AnyCPU
		{4A06FC35-5BCA-42C7-874A-F45BA12CCFC8}.Debug|AnyCPU.Build.0 = Debug|AnyCPU
		{4A06FC35-5BCA-42C7-874A-F45BA12CCFC8}.Release|AnyCPU.ActiveCfg = Release|AnyCPU
		{4A06FC35-5BCA-42C7-874A-F45BA12CCFC8}.Release|AnyCPU.Build.0 = Release|AnyCPU
		{F38BF5E5-1D3A-40CA-96B4-9841AEC8B245}.Debug|AnyCPU.ActiveCfg = Debug|AnyCPU
		{F38BF5E5-1D3A-40CA-96B4-9841AEC8B245}.Debug|AnyCPU.Build.0 = Debug|AnyCPU
		{F38BF5E5-1D3A-40CA-96B4-9841AEC8B245}.Release|AnyCPU.ActiveCfg = Release|AnyCPU
		{F38BF5E5-1D3A-40CA-96B4-9841AEC8B245}.Release|AnyCPU.Build.0 = Release|AnyCPU
	EndGlobalSection
	GlobalSection(SolutionProperties) = preSolution
		HideSolutionNode = FALSE
	EndGlobalSection
EndGlobal
